<?xml version="1.0" encoding="utf-8"?>
<Project ToolsVersion="17.0" xmlns="http://schemas.microsoft.com/developer/msbuild/2003">
  <ItemGroup>
    <CustomBuild Include="D:\Desktop\通达信中枢安装包\chan_tdx_plugin\build_v74\CMakeFiles\b499a7f888e5827c7cd59fd2ca5101f5\RUN_TESTS_force.rule">
      <Filter>CMake Rules</Filter>
    </CustomBuild>
  </ItemGroup>
  <ItemGroup>
    <Filter Include="CMake Rules">
      <UniqueIdentifier>{B9543754-9D76-3CB7-82F8-49A17E6ECEA9}</UniqueIdentifier>
    </Filter>
  </ItemGroup>
</Project>
