<?xml version="1.0" encoding="utf-8"?>
<Project ToolsVersion="17.0" xmlns="http://schemas.microsoft.com/developer/msbuild/2003">
  <ItemGroup>
    <ClCompile Include="D:\Desktop\通达信中枢安装包\chan_tdx_plugin\test\test_chan_core.cpp">
      <Filter>Source Files</Filter>
    </ClCompile>
    <ClCompile Include="D:\Desktop\通达信中枢安装包\chan_tdx_plugin\src\chan_core.cpp">
      <Filter>Source Files</Filter>
    </ClCompile>
    <ClCompile Include="D:\Desktop\通达信中枢安装包\chan_tdx_plugin\src\logger.cpp">
      <Filter>Source Files</Filter>
    </ClCompile>
  </ItemGroup>
  <ItemGroup>
    <CustomBuild Include="D:\Desktop\通达信中枢安装包\chan_tdx_plugin\CMakeLists.txt" />
  </ItemGroup>
  <ItemGroup>
    <Filter Include="Source Files">
      <UniqueIdentifier>{9B524C38-BE80-31C4-A37C-C6F1FEF918C3}</UniqueIdentifier>
    </Filter>
  </ItemGroup>
</Project>
